
Microsoft Visual Studio Solution File, Format Version 12.00
# Visual Studio Version 17
VisualStudioVersion = 17.12.35707.178
MinimumVisualStudioVersion = 10.0.40219.1
Project("{2150E333-8FDC-42A3-9474-1A3956D46DE8}") = "Services", "Services", "{1004A3B4-CEF5-4C6E-A2BC-A57B1AEF7E4B}"
EndProject
Project("{2150E333-8FDC-42A3-9474-1A3956D46DE8}") = "Catalog", "Catalog", "{AAC57766-DE1A-4ED8-9030-62BB288E9FBB}"
EndProject
Project("{FAE04EC0-301F-11D3-BF4B-00C04F79EFBC}") = "Catalog.API", "Services\Catalog\Catalog.API\Catalog.API.csproj", "{854788CB-5E93-45F6-A4A9-FA03A285C3C6}"
EndProject
Project("{2150E333-8FDC-42A3-9474-1A3956D46DE8}") = "BuildingBlocks", "BuildingBlocks", "{A520B2FA-1F0B-4790-8006-C2B3148F3B38}"
EndProject
Project("{FAE04EC0-301F-11D3-BF4B-00C04F79EFBC}") = "BuildingBlocks", "BuildingBlocks\BuildingBlocks\BuildingBlocks.csproj", "{A91AF165-9834-49FE-8E76-4EFEDDC07132}"
EndProject
Project("{E53339B2-1760-4266-BCC7-CA923CBCF16C}") = "docker-compose", "docker-compose.dcproj", "{FBBB3897-18B0-4E88-93EA-F7A6D74537E1}"
EndProject
Project("{2150E333-8FDC-42A3-9474-1A3956D46DE8}") = "Basket", "Basket", "{B73DDCE4-8F9C-4273-91D7-438B2518152C}"
EndProject
Project("{FAE04EC0-301F-11D3-BF4B-00C04F79EFBC}") = "Basket.API", "Services\Basket\Basket.API\Basket.API.csproj", "{E3C572B1-5CE1-4679-A70E-733118FE7811}"
EndProject
Project("{2150E333-8FDC-42A3-9474-1A3956D46DE8}") = "Discount", "Discount", "{9B03F721-E66C-44FF-BF74-2480BD512643}"
EndProject
Project("{FAE04EC0-301F-11D3-BF4B-00C04F79EFBC}") = "Discount.Grpc", "Services\Discount\Discount.Grpc\Discount.Grpc.csproj", "{0515631C-6F5F-48DD-B429-2FFE36EDD1D9}"
EndProject
Project("{2150E333-8FDC-42A3-9474-1A3956D46DE8}") = "Ordering", "Ordering", "{27F1EA6B-AB40-4149-B1D8-3F697C49AA85}"
EndProject
Project("{FAE04EC0-301F-11D3-BF4B-00C04F79EFBC}") = "Ordering.API", "Services\Ordering\Ordering.API\Ordering.API.csproj", "{B2C11384-866D-40C3-B97A-C6BB364A8C64}"
EndProject
Project("{FAE04EC0-301F-11D3-BF4B-00C04F79EFBC}") = "Ordering.Domain", "Services\Ordering\Ordering.Domain\Ordering.Domain.csproj", "{7F269927-3E68-4DEB-8A31-30CFF32A74E4}"
EndProject
Project("{FAE04EC0-301F-11D3-BF4B-00C04F79EFBC}") = "Ordering.Infrastructure", "Services\Ordering\Ordering.Infrastructure\Ordering.Infrastructure.csproj", "{1FD3D25D-9FB1-449A-B687-1236CD17CA93}"
EndProject
Project("{FAE04EC0-301F-11D3-BF4B-00C04F79EFBC}") = "Ordering.Application", "Services\Ordering\Ordering.Application\Ordering.Application.csproj", "{4D87343D-5FBC-444C-AFF3-23279A085BCA}"
EndProject
Global
	GlobalSection(SolutionConfigurationPlatforms) = preSolution
		Debug|Any CPU = Debug|Any CPU
		Release|Any CPU = Release|Any CPU
	EndGlobalSection
	GlobalSection(ProjectConfigurationPlatforms) = postSolution
		{854788CB-5E93-45F6-A4A9-FA03A285C3C6}.Debug|Any CPU.ActiveCfg = Debug|Any CPU
		{854788CB-5E93-45F6-A4A9-FA03A285C3C6}.Debug|Any CPU.Build.0 = Debug|Any CPU
		{854788CB-5E93-45F6-A4A9-FA03A285C3C6}.Release|Any CPU.ActiveCfg = Release|Any CPU
		{854788CB-5E93-45F6-A4A9-FA03A285C3C6}.Release|Any CPU.Build.0 = Release|Any CPU
		{A91AF165-9834-49FE-8E76-4EFEDDC07132}.Debug|Any CPU.ActiveCfg = Debug|Any CPU
		{A91AF165-9834-49FE-8E76-4EFEDDC07132}.Debug|Any CPU.Build.0 = Debug|Any CPU
		{A91AF165-9834-49FE-8E76-4EFEDDC07132}.Release|Any CPU.ActiveCfg = Release|Any CPU
		{A91AF165-9834-49FE-8E76-4EFEDDC07132}.Release|Any CPU.Build.0 = Release|Any CPU
		{FBBB3897-18B0-4E88-93EA-F7A6D74537E1}.Debug|Any CPU.ActiveCfg = Debug|Any CPU
		{FBBB3897-18B0-4E88-93EA-F7A6D74537E1}.Debug|Any CPU.Build.0 = Debug|Any CPU
		{FBBB3897-18B0-4E88-93EA-F7A6D74537E1}.Release|Any CPU.ActiveCfg = Release|Any CPU
		{FBBB3897-18B0-4E88-93EA-F7A6D74537E1}.Release|Any CPU.Build.0 = Release|Any CPU
		{E3C572B1-5CE1-4679-A70E-733118FE7811}.Debug|Any CPU.ActiveCfg = Debug|Any CPU
		{E3C572B1-5CE1-4679-A70E-733118FE7811}.Debug|Any CPU.Build.0 = Debug|Any CPU
		{E3C572B1-5CE1-4679-A70E-733118FE7811}.Release|Any CPU.ActiveCfg = Release|Any CPU
		{E3C572B1-5CE1-4679-A70E-733118FE7811}.Release|Any CPU.Build.0 = Release|Any CPU
		{0515631C-6F5F-48DD-B429-2FFE36EDD1D9}.Debug|Any CPU.ActiveCfg = Debug|Any CPU
		{0515631C-6F5F-48DD-B429-2FFE36EDD1D9}.Debug|Any CPU.Build.0 = Debug|Any CPU
		{0515631C-6F5F-48DD-B429-2FFE36EDD1D9}.Release|Any CPU.ActiveCfg = Release|Any CPU
		{0515631C-6F5F-48DD-B429-2FFE36EDD1D9}.Release|Any CPU.Build.0 = Release|Any CPU
		{B2C11384-866D-40C3-B97A-C6BB364A8C64}.Debug|Any CPU.ActiveCfg = Debug|Any CPU
		{B2C11384-866D-40C3-B97A-C6BB364A8C64}.Debug|Any CPU.Build.0 = Debug|Any CPU
		{B2C11384-866D-40C3-B97A-C6BB364A8C64}.Release|Any CPU.ActiveCfg = Release|Any CPU
		{B2C11384-866D-40C3-B97A-C6BB364A8C64}.Release|Any CPU.Build.0 = Release|Any CPU
		{7F269927-3E68-4DEB-8A31-30CFF32A74E4}.Debug|Any CPU.ActiveCfg = Debug|Any CPU
		{7F269927-3E68-4DEB-8A31-30CFF32A74E4}.Debug|Any CPU.Build.0 = Debug|Any CPU
		{7F269927-3E68-4DEB-8A31-30CFF32A74E4}.Release|Any CPU.ActiveCfg = Release|Any CPU
		{7F269927-3E68-4DEB-8A31-30CFF32A74E4}.Release|Any CPU.Build.0 = Release|Any CPU
		{1FD3D25D-9FB1-449A-B687-1236CD17CA93}.Debug|Any CPU.ActiveCfg = Debug|Any CPU
		{1FD3D25D-9FB1-449A-B687-1236CD17CA93}.Debug|Any CPU.Build.0 = Debug|Any CPU
		{1FD3D25D-9FB1-449A-B687-1236CD17CA93}.Release|Any CPU.ActiveCfg = Release|Any CPU
		{1FD3D25D-9FB1-449A-B687-1236CD17CA93}.Release|Any CPU.Build.0 = Release|Any CPU
		{4D87343D-5FBC-444C-AFF3-23279A085BCA}.Debug|Any CPU.ActiveCfg = Debug|Any CPU
		{4D87343D-5FBC-444C-AFF3-23279A085BCA}.Debug|Any CPU.Build.0 = Debug|Any CPU
		{4D87343D-5FBC-444C-AFF3-23279A085BCA}.Release|Any CPU.ActiveCfg = Release|Any CPU
		{4D87343D-5FBC-444C-AFF3-23279A085BCA}.Release|Any CPU.Build.0 = Release|Any CPU
	EndGlobalSection
	GlobalSection(SolutionProperties) = preSolution
		HideSolutionNode = FALSE
	EndGlobalSection
	GlobalSection(NestedProjects) = preSolution
		{AAC57766-DE1A-4ED8-9030-62BB288E9FBB} = {1004A3B4-CEF5-4C6E-A2BC-A57B1AEF7E4B}
		{854788CB-5E93-45F6-A4A9-FA03A285C3C6} = {AAC57766-DE1A-4ED8-9030-62BB288E9FBB}
		{A91AF165-9834-49FE-8E76-4EFEDDC07132} = {A520B2FA-1F0B-4790-8006-C2B3148F3B38}
		{B73DDCE4-8F9C-4273-91D7-438B2518152C} = {1004A3B4-CEF5-4C6E-A2BC-A57B1AEF7E4B}
		{E3C572B1-5CE1-4679-A70E-733118FE7811} = {B73DDCE4-8F9C-4273-91D7-438B2518152C}
		{9B03F721-E66C-44FF-BF74-2480BD512643} = {1004A3B4-CEF5-4C6E-A2BC-A57B1AEF7E4B}
		{0515631C-6F5F-48DD-B429-2FFE36EDD1D9} = {9B03F721-E66C-44FF-BF74-2480BD512643}
		{27F1EA6B-AB40-4149-B1D8-3F697C49AA85} = {1004A3B4-CEF5-4C6E-A2BC-A57B1AEF7E4B}
		{B2C11384-866D-40C3-B97A-C6BB364A8C64} = {27F1EA6B-AB40-4149-B1D8-3F697C49AA85}
		{7F269927-3E68-4DEB-8A31-30CFF32A74E4} = {27F1EA6B-AB40-4149-B1D8-3F697C49AA85}
		{1FD3D25D-9FB1-449A-B687-1236CD17CA93} = {27F1EA6B-AB40-4149-B1D8-3F697C49AA85}
		{4D87343D-5FBC-444C-AFF3-23279A085BCA} = {27F1EA6B-AB40-4149-B1D8-3F697C49AA85}
	EndGlobalSection
EndGlobal
